
Microsoft Visual Studio Solution File, Format Version 12.00
# Visual Studio Version 17
VisualStudioVersion = 17.11.35312.102
MinimumVisualStudioVersion = 10.0.40219.1
Project("{FAE04EC0-301F-11D3-BF4B-00C04F79EFBC}") = "C# Console Calculator", "C# Console Calculator.csproj", "{9892280B-1036-4E66-9458-93A1FBF70BD7}"
EndProject
Global
	GlobalSection(SolutionConfigurationPlatforms) = preSolution
		Debug|Any CPU = Debug|Any CPU
		Release|Any CPU = Release|Any CPU
	EndGlobalSection
	GlobalSection(ProjectConfigurationPlatforms) = postSolution
		{9892280B-1036-4E66-9458-93A1FBF70BD7}.Debug|Any CPU.ActiveCfg = Debug|Any CPU
		{9892280B-1036-4E66-9458-93A1FBF70BD7}.Debug|Any CPU.Build.0 = Debug|Any CPU
		{9892280B-1036-4E66-9458-93A1FBF70BD7}.Release|Any CPU.ActiveCfg = Release|Any CPU
		{9892280B-1036-4E66-9458-93A1FBF70BD7}.Release|Any CPU.Build.0 = Release|Any CPU
	EndGlobalSection
	GlobalSection(SolutionProperties) = preSolution
		HideSolutionNode = FALSE
	EndGlobalSection
	GlobalSection(ExtensibilityGlobals) = postSolution
		SolutionGuid = {1C7AD15A-DCC3-4A65-8744-90E4A99A8D0D}
	EndGlobalSection
EndGlobal
